
Microsoft Visual Studio Solution File, Format Version 12.00
# Visual Studio Version 16
VisualStudioVersion = 16.0.30128.74
MinimumVisualStudioVersion = 10.0.40219.1
Project("{FAE04EC0-301F-11D3-BF4B-00C04F79EFBC}") = "Divy.UI", "Divy\Divy.UI.csproj", "{8C20B526-F95D-4FE7-B72D-8F24E28C5D19}"
EndProject
Project("{FAE04EC0-301F-11D3-BF4B-00C04F79EFBC}") = "Divy.Tests", "Divy.Tests\Divy.Tests.csproj", "{CEEA5637-B388-4E53-BEEC-C1B2FEE4C285}"
EndProject
Project("{FAE04EC0-301F-11D3-BF4B-00C04F79EFBC}") = "Divy.Common", "Divy.Common\Divy.Common.csproj", "{88AC56BD-FD27-49DE-AFDD-C3C82DB31DB9}"
EndProject
Project("{FAE04EC0-301F-11D3-BF4B-00C04F79EFBC}") = "Divy.DAL.Interfaces", "Divy.DAL.Interfaces\Divy.DAL.Interfaces.csproj", "{9AC01AD1-834B-4710-BC76-A93E79672DBE}"
EndProject
Project("{2150E333-8FDC-42A3-9474-1A3956D46DE8}") = "DataAccesslayer", "DataAccesslayer", "{428E632D-5762-4533-8860-956A1956AC52}"
EndProject
Project("{FAE04EC0-301F-11D3-BF4B-00C04F79EFBC}") = "Divy.DAL", "Divy.DAL\Divy.DAL.csproj", "{007965D5-4270-4E3A-A1B5-32BC493D3F18}"
EndProject
Project("{FAE04EC0-301F-11D3-BF4B-00C04F79EFBC}") = "Divy.Dal.SqlServer", "Divy.Dal.SqlServer\Divy.Dal.SqlServer.csproj", "{1C4B56A7-4F4F-4F85-B9B3-7F74265AAD2B}"
EndProject
Project("{FAE04EC0-301F-11D3-BF4B-00C04F79EFBC}") = "Divy.DAL.Postgre", "Divy.DAL.Postgre\Divy.DAL.Postgre.csproj", "{F2A1068C-CDB3-4C20-91EC-B60BD07BD09D}"
EndProject
Project("{FAE04EC0-301F-11D3-BF4B-00C04F79EFBC}") = "Divy.DAL.Sqlite", "Divy.DAL.Sqlite\Divy.DAL.Sqlite.csproj", "{91D096F2-4AEE-4640-AF6F-BE98FBC16E9F}"
EndProject
Project("{2150E333-8FDC-42A3-9474-1A3956D46DE8}") = "implementations", "implementations", "{C90B3A5B-8464-4EDE-882E-CBAED4B0F7F4}"
EndProject
Project("{FAE04EC0-301F-11D3-BF4B-00C04F79EFBC}") = "Divy.DAL.redis", "Divy.DAL.redis\Divy.DAL.redis.csproj", "{259BA5EA-3202-4D9D-8A41-C87027B0FF2A}"
EndProject
Global
	GlobalSection(SolutionConfigurationPlatforms) = preSolution
		Debug|Any CPU = Debug|Any CPU
		Release|Any CPU = Release|Any CPU
	EndGlobalSection
	GlobalSection(ProjectConfigurationPlatforms) = postSolution
		{8C20B526-F95D-4FE7-B72D-8F24E28C5D19}.Debug|Any CPU.ActiveCfg = Debug|Any CPU
		{8C20B526-F95D-4FE7-B72D-8F24E28C5D19}.Debug|Any CPU.Build.0 = Debug|Any CPU
		{8C20B526-F95D-4FE7-B72D-8F24E28C5D19}.Release|Any CPU.ActiveCfg = Release|Any CPU
		{8C20B526-F95D-4FE7-B72D-8F24E28C5D19}.Release|Any CPU.Build.0 = Release|Any CPU
		{CEEA5637-B388-4E53-BEEC-C1B2FEE4C285}.Debug|Any CPU.ActiveCfg = Debug|Any CPU
		{CEEA5637-B388-4E53-BEEC-C1B2FEE4C285}.Debug|Any CPU.Build.0 = Debug|Any CPU
		{CEEA5637-B388-4E53-BEEC-C1B2FEE4C285}.Release|Any CPU.ActiveCfg = Release|Any CPU
		{CEEA5637-B388-4E53-BEEC-C1B2FEE4C285}.Release|Any CPU.Build.0 = Release|Any CPU
		{88AC56BD-FD27-49DE-AFDD-C3C82DB31DB9}.Debug|Any CPU.ActiveCfg = Debug|Any CPU
		{88AC56BD-FD27-49DE-AFDD-C3C82DB31DB9}.Debug|Any CPU.Build.0 = Debug|Any CPU
		{88AC56BD-FD27-49DE-AFDD-C3C82DB31DB9}.Release|Any CPU.ActiveCfg = Release|Any CPU
		{88AC56BD-FD27-49DE-AFDD-C3C82DB31DB9}.Release|Any CPU.Build.0 = Release|Any CPU
		{9AC01AD1-834B-4710-BC76-A93E79672DBE}.Debug|Any CPU.ActiveCfg = Debug|Any CPU
		{9AC01AD1-834B-4710-BC76-A93E79672DBE}.Debug|Any CPU.Build.0 = Debug|Any CPU
		{9AC01AD1-834B-4710-BC76-A93E79672DBE}.Release|Any CPU.ActiveCfg = Release|Any CPU
		{9AC01AD1-834B-4710-BC76-A93E79672DBE}.Release|Any CPU.Build.0 = Release|Any CPU
		{007965D5-4270-4E3A-A1B5-32BC493D3F18}.Debug|Any CPU.ActiveCfg = Debug|Any CPU
		{007965D5-4270-4E3A-A1B5-32BC493D3F18}.Debug|Any CPU.Build.0 = Debug|Any CPU
		{007965D5-4270-4E3A-A1B5-32BC493D3F18}.Release|Any CPU.ActiveCfg = Release|Any CPU
		{007965D5-4270-4E3A-A1B5-32BC493D3F18}.Release|Any CPU.Build.0 = Release|Any CPU
		{1C4B56A7-4F4F-4F85-B9B3-7F74265AAD2B}.Debug|Any CPU.ActiveCfg = Debug|Any CPU
		{1C4B56A7-4F4F-4F85-B9B3-7F74265AAD2B}.Debug|Any CPU.Build.0 = Debug|Any CPU
		{1C4B56A7-4F4F-4F85-B9B3-7F74265AAD2B}.Release|Any CPU.ActiveCfg = Release|Any CPU
		{1C4B56A7-4F4F-4F85-B9B3-7F74265AAD2B}.Release|Any CPU.Build.0 = Release|Any CPU
		{F2A1068C-CDB3-4C20-91EC-B60BD07BD09D}.Debug|Any CPU.ActiveCfg = Debug|Any CPU
		{F2A1068C-CDB3-4C20-91EC-B60BD07BD09D}.Debug|Any CPU.Build.0 = Debug|Any CPU
		{F2A1068C-CDB3-4C20-91EC-B60BD07BD09D}.Release|Any CPU.ActiveCfg = Release|Any CPU
		{F2A1068C-CDB3-4C20-91EC-B60BD07BD09D}.Release|Any CPU.Build.0 = Release|Any CPU
		{91D096F2-4AEE-4640-AF6F-BE98FBC16E9F}.Debug|Any CPU.ActiveCfg = Debug|Any CPU
		{91D096F2-4AEE-4640-AF6F-BE98FBC16E9F}.Debug|Any CPU.Build.0 = Debug|Any CPU
		{91D096F2-4AEE-4640-AF6F-BE98FBC16E9F}.Release|Any CPU.ActiveCfg = Release|Any CPU
		{91D096F2-4AEE-4640-AF6F-BE98FBC16E9F}.Release|Any CPU.Build.0 = Release|Any CPU
		{259BA5EA-3202-4D9D-8A41-C87027B0FF2A}.Debug|Any CPU.ActiveCfg = Debug|Any CPU
		{259BA5EA-3202-4D9D-8A41-C87027B0FF2A}.Debug|Any CPU.Build.0 = Debug|Any CPU
		{259BA5EA-3202-4D9D-8A41-C87027B0FF2A}.Release|Any CPU.ActiveCfg = Release|Any CPU
		{259BA5EA-3202-4D9D-8A41-C87027B0FF2A}.Release|Any CPU.Build.0 = Release|Any CPU
	EndGlobalSection
	GlobalSection(SolutionProperties) = preSolution
		HideSolutionNode = FALSE
	EndGlobalSection
	GlobalSection(NestedProjects) = preSolution
		{9AC01AD1-834B-4710-BC76-A93E79672DBE} = {428E632D-5762-4533-8860-956A1956AC52}
		{007965D5-4270-4E3A-A1B5-32BC493D3F18} = {428E632D-5762-4533-8860-956A1956AC52}
		{1C4B56A7-4F4F-4F85-B9B3-7F74265AAD2B} = {C90B3A5B-8464-4EDE-882E-CBAED4B0F7F4}
		{F2A1068C-CDB3-4C20-91EC-B60BD07BD09D} = {C90B3A5B-8464-4EDE-882E-CBAED4B0F7F4}
		{91D096F2-4AEE-4640-AF6F-BE98FBC16E9F} = {C90B3A5B-8464-4EDE-882E-CBAED4B0F7F4}
		{C90B3A5B-8464-4EDE-882E-CBAED4B0F7F4} = {428E632D-5762-4533-8860-956A1956AC52}
		{259BA5EA-3202-4D9D-8A41-C87027B0FF2A} = {C90B3A5B-8464-4EDE-882E-CBAED4B0F7F4}
	EndGlobalSection
	GlobalSection(ExtensibilityGlobals) = postSolution
		SolutionGuid = {873405D5-99A7-47D1-80C0-AAE21252F17A}
	EndGlobalSection
EndGlobal
